{
  "name": "@useless-javascript-modules/sum",
  "version": "1.0.0",
  "lockfileVersion": 1,
  "requires": true,
  "dependencies": {
    "@useless-javascript-modules/math": {
      "version": "1.0.0",
      "resolved": "https://registry.npmjs.org/@useless-javascript-modules/math/-/math-1.0.0.tgz",
      "integrity": "sha512-wDSdZE89qxtmZyOcWjd5RFHcjWtBbkbME2M02805fYANUY/TKKYhvr0m0tuYaXsjCEGAzz1TVb5sPflLELFE4w=="
    }
  }
}
